
Microsoft Visual Studio Solution File, Format Version 12.00
# Visual Studio Version 17
VisualStudioVersion = 17.0.31710.8
MinimumVisualStudioVersion = 10.0.40219.1
Project("{9A19103F-16F7-4668-BE54-9A1E7A4F7556}") = "MiniSignal", "MiniSignal.csproj", "{78FDBCDD-BB57-4105-A39F-7F26369CB477}"
EndProject
Global
	GlobalSection(SolutionConfigurationPlatforms) = preSolution
		Debug|Any CPU = Debug|Any CPU
		Release|Any CPU = Release|Any CPU
	EndGlobalSection
	GlobalSection(ProjectConfigurationPlatforms) = postSolution
		{78FDBCDD-BB57-4105-A39F-7F26369CB477}.Debug|Any CPU.ActiveCfg = Debug|Any CPU
		{78FDBCDD-BB57-4105-A39F-7F26369CB477}.Debug|Any CPU.Build.0 = Debug|Any CPU
		{78FDBCDD-BB57-4105-A39F-7F26369CB477}.Release|Any CPU.ActiveCfg = Release|Any CPU
		{78FDBCDD-BB57-4105-A39F-7F26369CB477}.Release|Any CPU.Build.0 = Release|Any CPU
	EndGlobalSection
	GlobalSection(SolutionProperties) = preSolution
		HideSolutionNode = FALSE
	EndGlobalSection
	GlobalSection(ExtensibilityGlobals) = postSolution
		SolutionGuid = {531DF06D-C09C-4F7F-8BFE-DCAFD73B862A}
	EndGlobalSection
EndGlobal
