
Microsoft Visual Studio Solution File, Format Version 12.00
# Visual Studio Version 17
VisualStudioVersion = 17.0.31710.8
MinimumVisualStudioVersion = 10.0.40219.1
Project("{9A19103F-16F7-4668-BE54-9A1E7A4F7556}") = "MiniSignalTester", "MiniSignalTester.csproj", "{129FE48D-29ED-4491-8DF5-AE18E5B48168}"
EndProject
Global
	GlobalSection(SolutionConfigurationPlatforms) = preSolution
		Debug|Any CPU = Debug|Any CPU
		Release|Any CPU = Release|Any CPU
	EndGlobalSection
	GlobalSection(ProjectConfigurationPlatforms) = postSolution
		{129FE48D-29ED-4491-8DF5-AE18E5B48168}.Debug|Any CPU.ActiveCfg = Debug|Any CPU
		{129FE48D-29ED-4491-8DF5-AE18E5B48168}.Debug|Any CPU.Build.0 = Debug|Any CPU
		{129FE48D-29ED-4491-8DF5-AE18E5B48168}.Release|Any CPU.ActiveCfg = Release|Any CPU
		{129FE48D-29ED-4491-8DF5-AE18E5B48168}.Release|Any CPU.Build.0 = Release|Any CPU
	EndGlobalSection
	GlobalSection(SolutionProperties) = preSolution
		HideSolutionNode = FALSE
	EndGlobalSection
	GlobalSection(ExtensibilityGlobals) = postSolution
		SolutionGuid = {EF1221A9-C504-4E49-93FB-DE19EF14F544}
	EndGlobalSection
EndGlobal
